
Microsoft Visual Studio Solution File, Format Version 12.00
Project("{FAE04EC0-301F-11D3-BF4B-00C04F79EFBC}") = "task1", "task1\task1.csproj", "{B2AD2B09-E769-413A-9F98-34DB445EDC85}"
EndProject
Project("{FAE04EC0-301F-11D3-BF4B-00C04F79EFBC}") = "task2", "task2\task2.csproj", "{26CF234F-DAEF-4996-B352-A5889D7BA80D}"
EndProject
Project("{FAE04EC0-301F-11D3-BF4B-00C04F79EFBC}") = "task3", "task3\task3.csproj", "{4B744EF3-1D84-48BC-A47C-024181297A79}"
EndProject
Project("{FAE04EC0-301F-11D3-BF4B-00C04F79EFBC}") = "task4", "task4\task4.csproj", "{8C53E685-70B4-49FB-8B43-15349E427EDE}"
EndProject
Project("{FAE04EC0-301F-11D3-BF4B-00C04F79EFBC}") = "task5", "task5\task5.csproj", "{31398791-E2B6-4DCB-9D6D-52324B45C7B1}"
EndProject
Project("{FAE04EC0-301F-11D3-BF4B-00C04F79EFBC}") = "task6", "task6\task6.csproj", "{454C7F2B-BE23-45A0-B032-846EFD3BE8CE}"
EndProject
Project("{FAE04EC0-301F-11D3-BF4B-00C04F79EFBC}") = "task41", "task41\task41.csproj", "{94DB17DB-2FA4-4A7D-8BDB-FA0B6D225DBC}"
EndProject
Project("{FAE04EC0-301F-11D3-BF4B-00C04F79EFBC}") = "task39", "task39\task39.csproj", "{200FF48E-455F-4BEE-8EED-6830EA84A7DD}"
EndProject
Project("{FAE04EC0-301F-11D3-BF4B-00C04F79EFBC}") = "task38", "task38\task38.csproj", "{D8BCA30E-C0ED-4F14-A81D-72A16AC5D341}"
EndProject
Project("{FAE04EC0-301F-11D3-BF4B-00C04F79EFBC}") = "task37", "task37\task37.csproj", "{9BABBA0D-FC08-441B-9E8D-1298823D4EE2}"
EndProject
Project("{FAE04EC0-301F-11D3-BF4B-00C04F79EFBC}") = "task36", "task36\task36.csproj", "{67CAD208-FBE2-4086-8854-5AA8574A978A}"
EndProject
Project("{FAE04EC0-301F-11D3-BF4B-00C04F79EFBC}") = "task31", "task31\task31.csproj", "{42DC23FF-2805-4011-9249-35AE848B25E0}"
EndProject
Project("{FAE04EC0-301F-11D3-BF4B-00C04F79EFBC}") = "task30", "task30\task30.csproj", "{4E98E321-97F5-4259-BA5F-FEB3977218A2}"
EndProject
Project("{FAE04EC0-301F-11D3-BF4B-00C04F79EFBC}") = "task29", "task29\task29.csproj", "{58AC6D6C-031F-4D67-B475-AC661EB1DA87}"
EndProject
Project("{FAE04EC0-301F-11D3-BF4B-00C04F79EFBC}") = "task8", "task8\task8.csproj", "{44F2F949-8F35-4BBB-9E36-2ED09D8DE3FD}"
EndProject
Project("{FAE04EC0-301F-11D3-BF4B-00C04F79EFBC}") = "task9", "task9\task9.csproj", "{BFEB81B0-2CDB-41F7-AAF2-D673EFCFD392}"
EndProject
Project("{FAE04EC0-301F-11D3-BF4B-00C04F79EFBC}") = "task7", "task7\task7.csproj", "{08E0F8E3-CED8-4EB9-877D-5D95A1D4241B}"
EndProject
Project("{FAE04EC0-301F-11D3-BF4B-00C04F79EFBC}") = "task32", "task32\task32.csproj", "{1F9402AE-1CAB-4D4C-A68F-2536E20D8DD4}"
EndProject
Project("{FAE04EC0-301F-11D3-BF4B-00C04F79EFBC}") = "task34", "task34\task34.csproj", "{1FDDD93F-E7EC-4F5E-9453-EF0737A2D996}"
EndProject
Project("{FAE04EC0-301F-11D3-BF4B-00C04F79EFBC}") = "task20", "task20\task20.csproj", "{28541703-8604-413F-97DD-36E2D092BE1B}"
EndProject
Project("{FAE04EC0-301F-11D3-BF4B-00C04F79EFBC}") = "task21", "task21\task21.csproj", "{176447C8-D343-4D69-A7A1-2BB444157C0D}"
EndProject
Project("{FAE04EC0-301F-11D3-BF4B-00C04F79EFBC}") = "task23", "task23\task23.csproj", "{BCF5CBD1-6164-416A-872C-E8FAA9D4011D}"
EndProject
Project("{FAE04EC0-301F-11D3-BF4B-00C04F79EFBC}") = "task10", "task10\task10.csproj", "{8A1EA657-295D-4324-80CD-AEA9D6EA83B7}"
EndProject
Project("{FAE04EC0-301F-11D3-BF4B-00C04F79EFBC}") = "task11", "task11\task11.csproj", "{B49DAEA2-171A-4D11-AAA0-AB02087A94B8}"
EndProject
Project("{FAE04EC0-301F-11D3-BF4B-00C04F79EFBC}") = "task14", "task14\task14.csproj", "{10AF085D-60DF-499D-918C-62D73BADCD67}"
EndProject
Project("{FAE04EC0-301F-11D3-BF4B-00C04F79EFBC}") = "task18", "task18\task18.csproj", "{62278EDC-99E2-4BC0-BC89-C958C4BFCCFF}"
EndProject
Project("{FAE04EC0-301F-11D3-BF4B-00C04F79EFBC}") = "task12", "task12\task12.csproj", "{B64AD2D5-0486-4C7B-9999-027FDFE6AC3A}"
EndProject
Project("{FAE04EC0-301F-11D3-BF4B-00C04F79EFBC}") = "task13", "task13\task13.csproj", "{2B74D908-D3A8-43E3-BA28-E16DD83D26C0}"
EndProject
Project("{FAE04EC0-301F-11D3-BF4B-00C04F79EFBC}") = "consoleapp5", "consoleapp5\consoleapp5.csproj", "{05916855-6407-41B6-9ADB-4EDB2AD18407}"
EndProject
Project("{FAE04EC0-301F-11D3-BF4B-00C04F79EFBC}") = "task_15", "task_15\task_15.csproj", "{B3C5FDA5-3650-49C1-8432-5ECE9A2F0D1B}"
EndProject
Project("{FAE04EC0-301F-11D3-BF4B-00C04F79EFBC}") = "task16", "task16\task16.csproj", "{D073D9C3-F7FE-48DA-9FBD-0DE0653E293F}"
EndProject
Project("{FAE04EC0-301F-11D3-BF4B-00C04F79EFBC}") = "task17", "task17\task17.csproj", "{F1A4CDD5-2B54-4675-85CA-D65B54718289}"
EndProject
Project("{FAE04EC0-301F-11D3-BF4B-00C04F79EFBC}") = "task19", "task19\task19.csproj", "{D8934911-A60C-4932-BAEF-1C430809CA6E}"
EndProject
Project("{FAE04EC0-301F-11D3-BF4B-00C04F79EFBC}") = "task22", "task22\task22.csproj", "{0F6F7D18-C5EE-4361-9617-6F852B14A1F3}"
EndProject
Project("{FAE04EC0-301F-11D3-BF4B-00C04F79EFBC}") = "task28", "task28\task28.csproj", "{6E0121E0-BB3D-4BD8-A031-2F23DAE24BE9}"
EndProject
Project("{FAE04EC0-301F-11D3-BF4B-00C04F79EFBC}") = "task27", "task27\task27.csproj", "{056A0AB8-2DAA-4330-9D16-64DEDE84CCCE}"
EndProject
Project("{FAE04EC0-301F-11D3-BF4B-00C04F79EFBC}") = "task26", "task26\task26.csproj", "{84672410-12E4-4E67-9C17-2F816792F327}"
EndProject
Project("{FAE04EC0-301F-11D3-BF4B-00C04F79EFBC}") = "task25", "task25\task25.csproj", "{64200950-5C30-457C-86AE-3DFD97276562}"
EndProject
Project("{FAE04EC0-301F-11D3-BF4B-00C04F79EFBC}") = "task24", "task24\task24.csproj", "{C84C06B2-3835-4FE8-9099-B7187A3B4785}"
EndProject
Project("{FAE04EC0-301F-11D3-BF4B-00C04F79EFBC}") = "task33", "task33\task33.csproj", "{A76E7AE5-909F-49D6-8FD5-1C3219087F09}"
EndProject
Project("{FAE04EC0-301F-11D3-BF4B-00C04F79EFBC}") = "task35", "task35\task35.csproj", "{50EE34CE-44A5-4C2E-828A-0F7EA26A836E}"
EndProject
Project("{FAE04EC0-301F-11D3-BF4B-00C04F79EFBC}") = "task40", "task40\task40.csproj", "{3BCCA7A7-6FBE-43F8-BA8F-F6D6E1A61F55}"
EndProject
Global
	GlobalSection(SolutionConfigurationPlatforms) = preSolution
		Debug|Any CPU = Debug|Any CPU
		Release|Any CPU = Release|Any CPU
	EndGlobalSection
	GlobalSection(ProjectConfigurationPlatforms) = postSolution
		{B2AD2B09-E769-413A-9F98-34DB445EDC85}.Debug|Any CPU.ActiveCfg = Debug|Any CPU
		{B2AD2B09-E769-413A-9F98-34DB445EDC85}.Debug|Any CPU.Build.0 = Debug|Any CPU
		{B2AD2B09-E769-413A-9F98-34DB445EDC85}.Release|Any CPU.ActiveCfg = Release|Any CPU
		{B2AD2B09-E769-413A-9F98-34DB445EDC85}.Release|Any CPU.Build.0 = Release|Any CPU
		{26CF234F-DAEF-4996-B352-A5889D7BA80D}.Debug|Any CPU.ActiveCfg = Debug|Any CPU
		{26CF234F-DAEF-4996-B352-A5889D7BA80D}.Debug|Any CPU.Build.0 = Debug|Any CPU
		{26CF234F-DAEF-4996-B352-A5889D7BA80D}.Release|Any CPU.ActiveCfg = Release|Any CPU
		{26CF234F-DAEF-4996-B352-A5889D7BA80D}.Release|Any CPU.Build.0 = Release|Any CPU
		{4B744EF3-1D84-48BC-A47C-024181297A79}.Debug|Any CPU.ActiveCfg = Debug|Any CPU
		{4B744EF3-1D84-48BC-A47C-024181297A79}.Debug|Any CPU.Build.0 = Debug|Any CPU
		{4B744EF3-1D84-48BC-A47C-024181297A79}.Release|Any CPU.ActiveCfg = Release|Any CPU
		{4B744EF3-1D84-48BC-A47C-024181297A79}.Release|Any CPU.Build.0 = Release|Any CPU
		{8C53E685-70B4-49FB-8B43-15349E427EDE}.Debug|Any CPU.ActiveCfg = Debug|Any CPU
		{8C53E685-70B4-49FB-8B43-15349E427EDE}.Debug|Any CPU.Build.0 = Debug|Any CPU
		{8C53E685-70B4-49FB-8B43-15349E427EDE}.Release|Any CPU.ActiveCfg = Release|Any CPU
		{8C53E685-70B4-49FB-8B43-15349E427EDE}.Release|Any CPU.Build.0 = Release|Any CPU
		{31398791-E2B6-4DCB-9D6D-52324B45C7B1}.Debug|Any CPU.ActiveCfg = Debug|Any CPU
		{31398791-E2B6-4DCB-9D6D-52324B45C7B1}.Debug|Any CPU.Build.0 = Debug|Any CPU
		{31398791-E2B6-4DCB-9D6D-52324B45C7B1}.Release|Any CPU.ActiveCfg = Release|Any CPU
		{31398791-E2B6-4DCB-9D6D-52324B45C7B1}.Release|Any CPU.Build.0 = Release|Any CPU
		{454C7F2B-BE23-45A0-B032-846EFD3BE8CE}.Debug|Any CPU.ActiveCfg = Debug|Any CPU
		{454C7F2B-BE23-45A0-B032-846EFD3BE8CE}.Debug|Any CPU.Build.0 = Debug|Any CPU
		{454C7F2B-BE23-45A0-B032-846EFD3BE8CE}.Release|Any CPU.ActiveCfg = Release|Any CPU
		{454C7F2B-BE23-45A0-B032-846EFD3BE8CE}.Release|Any CPU.Build.0 = Release|Any CPU
		{94DB17DB-2FA4-4A7D-8BDB-FA0B6D225DBC}.Debug|Any CPU.ActiveCfg = Debug|Any CPU
		{94DB17DB-2FA4-4A7D-8BDB-FA0B6D225DBC}.Debug|Any CPU.Build.0 = Debug|Any CPU
		{94DB17DB-2FA4-4A7D-8BDB-FA0B6D225DBC}.Release|Any CPU.ActiveCfg = Release|Any CPU
		{94DB17DB-2FA4-4A7D-8BDB-FA0B6D225DBC}.Release|Any CPU.Build.0 = Release|Any CPU
		{200FF48E-455F-4BEE-8EED-6830EA84A7DD}.Debug|Any CPU.ActiveCfg = Debug|Any CPU
		{200FF48E-455F-4BEE-8EED-6830EA84A7DD}.Debug|Any CPU.Build.0 = Debug|Any CPU
		{200FF48E-455F-4BEE-8EED-6830EA84A7DD}.Release|Any CPU.ActiveCfg = Release|Any CPU
		{200FF48E-455F-4BEE-8EED-6830EA84A7DD}.Release|Any CPU.Build.0 = Release|Any CPU
		{D8BCA30E-C0ED-4F14-A81D-72A16AC5D341}.Debug|Any CPU.ActiveCfg = Debug|Any CPU
		{D8BCA30E-C0ED-4F14-A81D-72A16AC5D341}.Debug|Any CPU.Build.0 = Debug|Any CPU
		{D8BCA30E-C0ED-4F14-A81D-72A16AC5D341}.Release|Any CPU.ActiveCfg = Release|Any CPU
		{D8BCA30E-C0ED-4F14-A81D-72A16AC5D341}.Release|Any CPU.Build.0 = Release|Any CPU
		{9BABBA0D-FC08-441B-9E8D-1298823D4EE2}.Debug|Any CPU.ActiveCfg = Debug|Any CPU
		{9BABBA0D-FC08-441B-9E8D-1298823D4EE2}.Debug|Any CPU.Build.0 = Debug|Any CPU
		{9BABBA0D-FC08-441B-9E8D-1298823D4EE2}.Release|Any CPU.ActiveCfg = Release|Any CPU
		{9BABBA0D-FC08-441B-9E8D-1298823D4EE2}.Release|Any CPU.Build.0 = Release|Any CPU
		{67CAD208-FBE2-4086-8854-5AA8574A978A}.Debug|Any CPU.ActiveCfg = Debug|Any CPU
		{67CAD208-FBE2-4086-8854-5AA8574A978A}.Debug|Any CPU.Build.0 = Debug|Any CPU
		{67CAD208-FBE2-4086-8854-5AA8574A978A}.Release|Any CPU.ActiveCfg = Release|Any CPU
		{67CAD208-FBE2-4086-8854-5AA8574A978A}.Release|Any CPU.Build.0 = Release|Any CPU
		{42DC23FF-2805-4011-9249-35AE848B25E0}.Debug|Any CPU.ActiveCfg = Debug|Any CPU
		{42DC23FF-2805-4011-9249-35AE848B25E0}.Debug|Any CPU.Build.0 = Debug|Any CPU
		{42DC23FF-2805-4011-9249-35AE848B25E0}.Release|Any CPU.ActiveCfg = Release|Any CPU
		{42DC23FF-2805-4011-9249-35AE848B25E0}.Release|Any CPU.Build.0 = Release|Any CPU
		{4E98E321-97F5-4259-BA5F-FEB3977218A2}.Debug|Any CPU.ActiveCfg = Debug|Any CPU
		{4E98E321-97F5-4259-BA5F-FEB3977218A2}.Debug|Any CPU.Build.0 = Debug|Any CPU
		{4E98E321-97F5-4259-BA5F-FEB3977218A2}.Release|Any CPU.ActiveCfg = Release|Any CPU
		{4E98E321-97F5-4259-BA5F-FEB3977218A2}.Release|Any CPU.Build.0 = Release|Any CPU
		{58AC6D6C-031F-4D67-B475-AC661EB1DA87}.Debug|Any CPU.ActiveCfg = Debug|Any CPU
		{58AC6D6C-031F-4D67-B475-AC661EB1DA87}.Debug|Any CPU.Build.0 = Debug|Any CPU
		{58AC6D6C-031F-4D67-B475-AC661EB1DA87}.Release|Any CPU.ActiveCfg = Release|Any CPU
		{58AC6D6C-031F-4D67-B475-AC661EB1DA87}.Release|Any CPU.Build.0 = Release|Any CPU
		{44F2F949-8F35-4BBB-9E36-2ED09D8DE3FD}.Debug|Any CPU.ActiveCfg = Debug|Any CPU
		{44F2F949-8F35-4BBB-9E36-2ED09D8DE3FD}.Debug|Any CPU.Build.0 = Debug|Any CPU
		{44F2F949-8F35-4BBB-9E36-2ED09D8DE3FD}.Release|Any CPU.ActiveCfg = Release|Any CPU
		{44F2F949-8F35-4BBB-9E36-2ED09D8DE3FD}.Release|Any CPU.Build.0 = Release|Any CPU
		{BFEB81B0-2CDB-41F7-AAF2-D673EFCFD392}.Debug|Any CPU.ActiveCfg = Debug|Any CPU
		{BFEB81B0-2CDB-41F7-AAF2-D673EFCFD392}.Debug|Any CPU.Build.0 = Debug|Any CPU
		{BFEB81B0-2CDB-41F7-AAF2-D673EFCFD392}.Release|Any CPU.ActiveCfg = Release|Any CPU
		{BFEB81B0-2CDB-41F7-AAF2-D673EFCFD392}.Release|Any CPU.Build.0 = Release|Any CPU
		{08E0F8E3-CED8-4EB9-877D-5D95A1D4241B}.Debug|Any CPU.ActiveCfg = Debug|Any CPU
		{08E0F8E3-CED8-4EB9-877D-5D95A1D4241B}.Debug|Any CPU.Build.0 = Debug|Any CPU
		{08E0F8E3-CED8-4EB9-877D-5D95A1D4241B}.Release|Any CPU.ActiveCfg = Release|Any CPU
		{08E0F8E3-CED8-4EB9-877D-5D95A1D4241B}.Release|Any CPU.Build.0 = Release|Any CPU
		{1F9402AE-1CAB-4D4C-A68F-2536E20D8DD4}.Debug|Any CPU.ActiveCfg = Debug|Any CPU
		{1F9402AE-1CAB-4D4C-A68F-2536E20D8DD4}.Debug|Any CPU.Build.0 = Debug|Any CPU
		{1F9402AE-1CAB-4D4C-A68F-2536E20D8DD4}.Release|Any CPU.ActiveCfg = Release|Any CPU
		{1F9402AE-1CAB-4D4C-A68F-2536E20D8DD4}.Release|Any CPU.Build.0 = Release|Any CPU
		{1FDDD93F-E7EC-4F5E-9453-EF0737A2D996}.Debug|Any CPU.ActiveCfg = Debug|Any CPU
		{1FDDD93F-E7EC-4F5E-9453-EF0737A2D996}.Debug|Any CPU.Build.0 = Debug|Any CPU
		{1FDDD93F-E7EC-4F5E-9453-EF0737A2D996}.Release|Any CPU.ActiveCfg = Release|Any CPU
		{1FDDD93F-E7EC-4F5E-9453-EF0737A2D996}.Release|Any CPU.Build.0 = Release|Any CPU
		{28541703-8604-413F-97DD-36E2D092BE1B}.Debug|Any CPU.ActiveCfg = Debug|Any CPU
		{28541703-8604-413F-97DD-36E2D092BE1B}.Debug|Any CPU.Build.0 = Debug|Any CPU
		{28541703-8604-413F-97DD-36E2D092BE1B}.Release|Any CPU.ActiveCfg = Release|Any CPU
		{28541703-8604-413F-97DD-36E2D092BE1B}.Release|Any CPU.Build.0 = Release|Any CPU
		{176447C8-D343-4D69-A7A1-2BB444157C0D}.Debug|Any CPU.ActiveCfg = Debug|Any CPU
		{176447C8-D343-4D69-A7A1-2BB444157C0D}.Debug|Any CPU.Build.0 = Debug|Any CPU
		{176447C8-D343-4D69-A7A1-2BB444157C0D}.Release|Any CPU.ActiveCfg = Release|Any CPU
		{176447C8-D343-4D69-A7A1-2BB444157C0D}.Release|Any CPU.Build.0 = Release|Any CPU
		{BCF5CBD1-6164-416A-872C-E8FAA9D4011D}.Debug|Any CPU.ActiveCfg = Debug|Any CPU
		{BCF5CBD1-6164-416A-872C-E8FAA9D4011D}.Debug|Any CPU.Build.0 = Debug|Any CPU
		{BCF5CBD1-6164-416A-872C-E8FAA9D4011D}.Release|Any CPU.ActiveCfg = Release|Any CPU
		{BCF5CBD1-6164-416A-872C-E8FAA9D4011D}.Release|Any CPU.Build.0 = Release|Any CPU
		{8A1EA657-295D-4324-80CD-AEA9D6EA83B7}.Debug|Any CPU.ActiveCfg = Debug|Any CPU
		{8A1EA657-295D-4324-80CD-AEA9D6EA83B7}.Debug|Any CPU.Build.0 = Debug|Any CPU
		{8A1EA657-295D-4324-80CD-AEA9D6EA83B7}.Release|Any CPU.ActiveCfg = Release|Any CPU
		{8A1EA657-295D-4324-80CD-AEA9D6EA83B7}.Release|Any CPU.Build.0 = Release|Any CPU
		{B49DAEA2-171A-4D11-AAA0-AB02087A94B8}.Debug|Any CPU.ActiveCfg = Debug|Any CPU
		{B49DAEA2-171A-4D11-AAA0-AB02087A94B8}.Debug|Any CPU.Build.0 = Debug|Any CPU
		{B49DAEA2-171A-4D11-AAA0-AB02087A94B8}.Release|Any CPU.ActiveCfg = Release|Any CPU
		{B49DAEA2-171A-4D11-AAA0-AB02087A94B8}.Release|Any CPU.Build.0 = Release|Any CPU
		{10AF085D-60DF-499D-918C-62D73BADCD67}.Debug|Any CPU.ActiveCfg = Debug|Any CPU
		{10AF085D-60DF-499D-918C-62D73BADCD67}.Debug|Any CPU.Build.0 = Debug|Any CPU
		{10AF085D-60DF-499D-918C-62D73BADCD67}.Release|Any CPU.ActiveCfg = Release|Any CPU
		{10AF085D-60DF-499D-918C-62D73BADCD67}.Release|Any CPU.Build.0 = Release|Any CPU
		{62278EDC-99E2-4BC0-BC89-C958C4BFCCFF}.Debug|Any CPU.ActiveCfg = Debug|Any CPU
		{62278EDC-99E2-4BC0-BC89-C958C4BFCCFF}.Debug|Any CPU.Build.0 = Debug|Any CPU
		{62278EDC-99E2-4BC0-BC89-C958C4BFCCFF}.Release|Any CPU.ActiveCfg = Release|Any CPU
		{62278EDC-99E2-4BC0-BC89-C958C4BFCCFF}.Release|Any CPU.Build.0 = Release|Any CPU
		{B64AD2D5-0486-4C7B-9999-027FDFE6AC3A}.Debug|Any CPU.ActiveCfg = Debug|Any CPU
		{B64AD2D5-0486-4C7B-9999-027FDFE6AC3A}.Debug|Any CPU.Build.0 = Debug|Any CPU
		{B64AD2D5-0486-4C7B-9999-027FDFE6AC3A}.Release|Any CPU.ActiveCfg = Release|Any CPU
		{B64AD2D5-0486-4C7B-9999-027FDFE6AC3A}.Release|Any CPU.Build.0 = Release|Any CPU
		{2B74D908-D3A8-43E3-BA28-E16DD83D26C0}.Debug|Any CPU.ActiveCfg = Debug|Any CPU
		{2B74D908-D3A8-43E3-BA28-E16DD83D26C0}.Debug|Any CPU.Build.0 = Debug|Any CPU
		{2B74D908-D3A8-43E3-BA28-E16DD83D26C0}.Release|Any CPU.ActiveCfg = Release|Any CPU
		{2B74D908-D3A8-43E3-BA28-E16DD83D26C0}.Release|Any CPU.Build.0 = Release|Any CPU
		{05916855-6407-41B6-9ADB-4EDB2AD18407}.Debug|Any CPU.ActiveCfg = Debug|Any CPU
		{05916855-6407-41B6-9ADB-4EDB2AD18407}.Debug|Any CPU.Build.0 = Debug|Any CPU
		{05916855-6407-41B6-9ADB-4EDB2AD18407}.Release|Any CPU.ActiveCfg = Release|Any CPU
		{05916855-6407-41B6-9ADB-4EDB2AD18407}.Release|Any CPU.Build.0 = Release|Any CPU
		{B3C5FDA5-3650-49C1-8432-5ECE9A2F0D1B}.Debug|Any CPU.ActiveCfg = Debug|Any CPU
		{B3C5FDA5-3650-49C1-8432-5ECE9A2F0D1B}.Debug|Any CPU.Build.0 = Debug|Any CPU
		{B3C5FDA5-3650-49C1-8432-5ECE9A2F0D1B}.Release|Any CPU.ActiveCfg = Release|Any CPU
		{B3C5FDA5-3650-49C1-8432-5ECE9A2F0D1B}.Release|Any CPU.Build.0 = Release|Any CPU
		{D073D9C3-F7FE-48DA-9FBD-0DE0653E293F}.Debug|Any CPU.ActiveCfg = Debug|Any CPU
		{D073D9C3-F7FE-48DA-9FBD-0DE0653E293F}.Debug|Any CPU.Build.0 = Debug|Any CPU
		{D073D9C3-F7FE-48DA-9FBD-0DE0653E293F}.Release|Any CPU.ActiveCfg = Release|Any CPU
		{D073D9C3-F7FE-48DA-9FBD-0DE0653E293F}.Release|Any CPU.Build.0 = Release|Any CPU
		{F1A4CDD5-2B54-4675-85CA-D65B54718289}.Debug|Any CPU.ActiveCfg = Debug|Any CPU
		{F1A4CDD5-2B54-4675-85CA-D65B54718289}.Debug|Any CPU.Build.0 = Debug|Any CPU
		{F1A4CDD5-2B54-4675-85CA-D65B54718289}.Release|Any CPU.ActiveCfg = Release|Any CPU
		{F1A4CDD5-2B54-4675-85CA-D65B54718289}.Release|Any CPU.Build.0 = Release|Any CPU
		{D8934911-A60C-4932-BAEF-1C430809CA6E}.Debug|Any CPU.ActiveCfg = Debug|Any CPU
		{D8934911-A60C-4932-BAEF-1C430809CA6E}.Debug|Any CPU.Build.0 = Debug|Any CPU
		{D8934911-A60C-4932-BAEF-1C430809CA6E}.Release|Any CPU.ActiveCfg = Release|Any CPU
		{D8934911-A60C-4932-BAEF-1C430809CA6E}.Release|Any CPU.Build.0 = Release|Any CPU
		{0F6F7D18-C5EE-4361-9617-6F852B14A1F3}.Debug|Any CPU.ActiveCfg = Debug|Any CPU
		{0F6F7D18-C5EE-4361-9617-6F852B14A1F3}.Debug|Any CPU.Build.0 = Debug|Any CPU
		{0F6F7D18-C5EE-4361-9617-6F852B14A1F3}.Release|Any CPU.ActiveCfg = Release|Any CPU
		{0F6F7D18-C5EE-4361-9617-6F852B14A1F3}.Release|Any CPU.Build.0 = Release|Any CPU
		{6E0121E0-BB3D-4BD8-A031-2F23DAE24BE9}.Debug|Any CPU.ActiveCfg = Debug|Any CPU
		{6E0121E0-BB3D-4BD8-A031-2F23DAE24BE9}.Debug|Any CPU.Build.0 = Debug|Any CPU
		{6E0121E0-BB3D-4BD8-A031-2F23DAE24BE9}.Release|Any CPU.ActiveCfg = Release|Any CPU
		{6E0121E0-BB3D-4BD8-A031-2F23DAE24BE9}.Release|Any CPU.Build.0 = Release|Any CPU
		{056A0AB8-2DAA-4330-9D16-64DEDE84CCCE}.Debug|Any CPU.ActiveCfg = Debug|Any CPU
		{056A0AB8-2DAA-4330-9D16-64DEDE84CCCE}.Debug|Any CPU.Build.0 = Debug|Any CPU
		{056A0AB8-2DAA-4330-9D16-64DEDE84CCCE}.Release|Any CPU.ActiveCfg = Release|Any CPU
		{056A0AB8-2DAA-4330-9D16-64DEDE84CCCE}.Release|Any CPU.Build.0 = Release|Any CPU
		{84672410-12E4-4E67-9C17-2F816792F327}.Debug|Any CPU.ActiveCfg = Debug|Any CPU
		{84672410-12E4-4E67-9C17-2F816792F327}.Debug|Any CPU.Build.0 = Debug|Any CPU
		{84672410-12E4-4E67-9C17-2F816792F327}.Release|Any CPU.ActiveCfg = Release|Any CPU
		{84672410-12E4-4E67-9C17-2F816792F327}.Release|Any CPU.Build.0 = Release|Any CPU
		{64200950-5C30-457C-86AE-3DFD97276562}.Debug|Any CPU.ActiveCfg = Debug|Any CPU
		{64200950-5C30-457C-86AE-3DFD97276562}.Debug|Any CPU.Build.0 = Debug|Any CPU
		{64200950-5C30-457C-86AE-3DFD97276562}.Release|Any CPU.ActiveCfg = Release|Any CPU
		{64200950-5C30-457C-86AE-3DFD97276562}.Release|Any CPU.Build.0 = Release|Any CPU
		{C84C06B2-3835-4FE8-9099-B7187A3B4785}.Debug|Any CPU.ActiveCfg = Debug|Any CPU
		{C84C06B2-3835-4FE8-9099-B7187A3B4785}.Debug|Any CPU.Build.0 = Debug|Any CPU
		{C84C06B2-3835-4FE8-9099-B7187A3B4785}.Release|Any CPU.ActiveCfg = Release|Any CPU
		{C84C06B2-3835-4FE8-9099-B7187A3B4785}.Release|Any CPU.Build.0 = Release|Any CPU
		{A76E7AE5-909F-49D6-8FD5-1C3219087F09}.Debug|Any CPU.ActiveCfg = Debug|Any CPU
		{A76E7AE5-909F-49D6-8FD5-1C3219087F09}.Debug|Any CPU.Build.0 = Debug|Any CPU
		{A76E7AE5-909F-49D6-8FD5-1C3219087F09}.Release|Any CPU.ActiveCfg = Release|Any CPU
		{A76E7AE5-909F-49D6-8FD5-1C3219087F09}.Release|Any CPU.Build.0 = Release|Any CPU
		{50EE34CE-44A5-4C2E-828A-0F7EA26A836E}.Debug|Any CPU.ActiveCfg = Debug|Any CPU
		{50EE34CE-44A5-4C2E-828A-0F7EA26A836E}.Debug|Any CPU.Build.0 = Debug|Any CPU
		{50EE34CE-44A5-4C2E-828A-0F7EA26A836E}.Release|Any CPU.ActiveCfg = Release|Any CPU
		{50EE34CE-44A5-4C2E-828A-0F7EA26A836E}.Release|Any CPU.Build.0 = Release|Any CPU
		{3BCCA7A7-6FBE-43F8-BA8F-F6D6E1A61F55}.Debug|Any CPU.ActiveCfg = Debug|Any CPU
		{3BCCA7A7-6FBE-43F8-BA8F-F6D6E1A61F55}.Debug|Any CPU.Build.0 = Debug|Any CPU
		{3BCCA7A7-6FBE-43F8-BA8F-F6D6E1A61F55}.Release|Any CPU.ActiveCfg = Release|Any CPU
		{3BCCA7A7-6FBE-43F8-BA8F-F6D6E1A61F55}.Release|Any CPU.Build.0 = Release|Any CPU
	EndGlobalSection
EndGlobal
